// !$*UTF8*$!
{
	archiveVersion = 1;
	classes = {
	};
	objectVersion = 46;
	objects = {

/* Begin PBXBuildFile section */
		9A66BB621A9E26C600CFCF90 /* CommandLine.framework in Frameworks */ = {isa = PBXBuildFile; fileRef = 9A66BB611A9E26C600CFCF90 /* CommandLine.framework */; };
		9A66BB631A9E2F4D00CFCF90 /* CommandLine.framework in Embed Frameworks */ = {isa = PBXBuildFile; fileRef = 9A66BB611A9E26C600CFCF90 /* CommandLine.framework */; settings = {ATTRIBUTES = (CodeSignOnCopy, RemoveHeadersOnCopy, ); }; };
		9A66BB651A9E5EEF00CFCF90 /* README.md in Sources */ = {isa = PBXBuildFile; fileRef = 9A66BB641A9E5EEF00CFCF90 /* README.md */; };
		9A95F6241A9D18300080D5B4 /* AppDelegate.swift in Sources */ = {isa = PBXBuildFile; fileRef = 9A95F6231A9D18300080D5B4 /* AppDelegate.swift */; };
		9A95F6261A9D18300080D5B4 /* ViewController.swift in Sources */ = {isa = PBXBuildFile; fileRef = 9A95F6251A9D18300080D5B4 /* ViewController.swift */; };
		9A95F6281A9D18300080D5B4 /* Images.xcassets in Resources */ = {isa = PBXBuildFile; fileRef = 9A95F6271A9D18300080D5B4 /* Images.xcassets */; };
		9A95F62B1A9D18300080D5B4 /* Main.storyboard in Resources */ = {isa = PBXBuildFile; fileRef = 9A95F6291A9D18300080D5B4 /* Main.storyboard */; };
		9A95F6371A9D18300080D5B4 /* yoTests.swift in Sources */ = {isa = PBXBuildFile; fileRef = 9A95F6361A9D18300080D5B4 /* yoTests.swift */; };
		9AAC16A71A9E205800A9E18E /* yo.psd in Resources */ = {isa = PBXBuildFile; fileRef = 9AAC16A61A9E205800A9E18E /* yo.psd */; };
/* End PBXBuildFile section */

/* Begin PBXContainerItemProxy section */
		9A95F6311A9D18300080D5B4 /* PBXContainerItemProxy */ = {
			isa = PBXContainerItemProxy;
			containerPortal = 9A95F6161A9D18300080D5B4 /* Project object */;
			proxyType = 1;
			remoteGlobalIDString = 9A95F61D1A9D18300080D5B4;
			remoteInfo = yo;
		};
/* End PBXContainerItemProxy section */

/* Begin PBXCopyFilesBuildPhase section */
		9A66BB581A9E217900CFCF90 /* Embed Frameworks */ = {
			isa = PBXCopyFilesBuildPhase;
			buildActionMask = 2147483647;
			dstPath = "";
			dstSubfolderSpec = 10;
			files = (
				9A66BB631A9E2F4D00CFCF90 /* CommandLine.framework in Embed Frameworks */,
			);
			name = "Embed Frameworks";
			runOnlyForDeploymentPostprocessing = 0;
		};
/* End PBXCopyFilesBuildPhase section */

/* Begin PBXFileReference section */
		9A66BB611A9E26C600CFCF90 /* CommandLine.framework */ = {isa = PBXFileReference; lastKnownFileType = wrapper.framework; path = CommandLine.framework; sourceTree = "<group>"; };
		9A66BB641A9E5EEF00CFCF90 /* README.md */ = {isa = PBXFileReference; fileEncoding = 4; lastKnownFileType = net.daringfireball.markdown; path = README.md; sourceTree = "<group>"; };
		9A95F61E1A9D18300080D5B4 /* yo.app */ = {isa = PBXFileReference; explicitFileType = wrapper.application; includeInIndex = 0; path = yo.app; sourceTree = BUILT_PRODUCTS_DIR; };
		9A95F6221A9D18300080D5B4 /* Info.plist */ = {isa = PBXFileReference; lastKnownFileType = text.plist.xml; path = Info.plist; sourceTree = "<group>"; };
		9A95F6231A9D18300080D5B4 /* AppDelegate.swift */ = {isa = PBXFileReference; lastKnownFileType = sourcecode.swift; path = AppDelegate.swift; sourceTree = "<group>"; };
		9A95F6251A9D18300080D5B4 /* ViewController.swift */ = {isa = PBXFileReference; lastKnownFileType = sourcecode.swift; path = ViewController.swift; sourceTree = "<group>"; };
		9A95F6271A9D18300080D5B4 /* Images.xcassets */ = {isa = PBXFileReference; lastKnownFileType = folder.assetcatalog; path = Images.xcassets; sourceTree = "<group>"; };
		9A95F62A1A9D18300080D5B4 /* Base */ = {isa = PBXFileReference; lastKnownFileType = file.storyboard; name = Base; path = Base.lproj/Main.storyboard; sourceTree = "<group>"; };
		9A95F6301A9D18300080D5B4 /* yoTests.xctest */ = {isa = PBXFileReference; explicitFileType = wrapper.cfbundle; includeInIndex = 0; path = yoTests.xctest; sourceTree = BUILT_PRODUCTS_DIR; };
		9A95F6351A9D18300080D5B4 /* Info.plist */ = {isa = PBXFileReference; lastKnownFileType = text.plist.xml; path = Info.plist; sourceTree = "<group>"; };
		9A95F6361A9D18300080D5B4 /* yoTests.swift */ = {isa = PBXFileReference; lastKnownFileType = sourcecode.swift; path = yoTests.swift; sourceTree = "<group>"; };
		9AAC16A61A9E205800A9E18E /* yo.psd */ = {isa = PBXFileReference; lastKnownFileType = file; path = yo.psd; sourceTree = "<group>"; };
/* End PBXFileReference section */

/* Begin PBXFrameworksBuildPhase section */
		9A95F61B1A9D18300080D5B4 /* Frameworks */ = {
			isa = PBXFrameworksBuildPhase;
			buildActionMask = 2147483647;
			files = (
				9A66BB621A9E26C600CFCF90 /* CommandLine.framework in Frameworks */,
			);
			runOnlyForDeploymentPostprocessing = 0;
		};
		9A95F62D1A9D18300080D5B4 /* Frameworks */ = {
			isa = PBXFrameworksBuildPhase;
			buildActionMask = 2147483647;
			files = (
			);
			runOnlyForDeploymentPostprocessing = 0;
		};
/* End PBXFrameworksBuildPhase section */

/* Begin PBXGroup section */
		9A95F6151A9D18300080D5B4 = {
			isa = PBXGroup;
			children = (
				9A66BB611A9E26C600CFCF90 /* CommandLine.framework */,
				9A95F6201A9D18300080D5B4 /* yo */,
				9A95F6331A9D18300080D5B4 /* yoTests */,
				9A95F61F1A9D18300080D5B4 /* Products */,
				9AAC16A51A9E205800A9E18E /* art */,
				9A66BB641A9E5EEF00CFCF90 /* README.md */,
			);
			sourceTree = "<group>";
		};
		9A95F61F1A9D18300080D5B4 /* Products */ = {
			isa = PBXGroup;
			children = (
				9A95F61E1A9D18300080D5B4 /* yo.app */,
				9A95F6301A9D18300080D5B4 /* yoTests.xctest */,
			);
			name = Products;
			sourceTree = "<group>";
		};
		9A95F6201A9D18300080D5B4 /* yo */ = {
			isa = PBXGroup;
			children = (
				9A95F6231A9D18300080D5B4 /* AppDelegate.swift */,
				9A95F6251A9D18300080D5B4 /* ViewController.swift */,
				9A95F6271A9D18300080D5B4 /* Images.xcassets */,
				9A95F6291A9D18300080D5B4 /* Main.storyboard */,
				9A95F6211A9D18300080D5B4 /* Supporting Files */,
			);
			path = yo;
			sourceTree = "<group>";
		};
		9A95F6211A9D18300080D5B4 /* Supporting Files */ = {
			isa = PBXGroup;
			children = (
				9A95F6221A9D18300080D5B4 /* Info.plist */,
			);
			name = "Supporting Files";
			sourceTree = "<group>";
		};
		9A95F6331A9D18300080D5B4 /* yoTests */ = {
			isa = PBXGroup;
			children = (
				9A95F6361A9D18300080D5B4 /* yoTests.swift */,
				9A95F6341A9D18300080D5B4 /* Supporting Files */,
			);
			path = yoTests;
			sourceTree = "<group>";
		};
		9A95F6341A9D18300080D5B4 /* Supporting Files */ = {
			isa = PBXGroup;
			children = (
				9A95F6351A9D18300080D5B4 /* Info.plist */,
			);
			name = "Supporting Files";
			sourceTree = "<group>";
		};
		9AAC16A51A9E205800A9E18E /* art */ = {
			isa = PBXGroup;
			children = (
				9AAC16A61A9E205800A9E18E /* yo.psd */,
			);
			path = art;
			sourceTree = "<group>";
		};
/* End PBXGroup section */

/* Begin PBXNativeTarget section */
		9A95F61D1A9D18300080D5B4 /* yo */ = {
			isa = PBXNativeTarget;
			buildConfigurationList = 9A95F63A1A9D18300080D5B4 /* Build configuration list for PBXNativeTarget "yo" */;
			buildPhases = (
				9A95F61A1A9D18300080D5B4 /* Sources */,
				9A95F61B1A9D18300080D5B4 /* Frameworks */,
				9A95F61C1A9D18300080D5B4 /* Resources */,
				9A66BB581A9E217900CFCF90 /* Embed Frameworks */,
			);
			buildRules = (
			);
			dependencies = (
			);
			name = yo;
			productName = yo;
			productReference = 9A95F61E1A9D18300080D5B4 /* yo.app */;
			productType = "com.apple.product-type.application";
		};
		9A95F62F1A9D18300080D5B4 /* yoTests */ = {
			isa = PBXNativeTarget;
			buildConfigurationList = 9A95F63D1A9D18300080D5B4 /* Build configuration list for PBXNativeTarget "yoTests" */;
			buildPhases = (
				9A95F62C1A9D18300080D5B4 /* Sources */,
				9A95F62D1A9D18300080D5B4 /* Frameworks */,
				9A95F62E1A9D18300080D5B4 /* Resources */,
			);
			buildRules = (
			);
			dependencies = (
				9A95F6321A9D18300080D5B4 /* PBXTargetDependency */,
			);
			name = yoTests;
			productName = yoTests;
			productReference = 9A95F6301A9D18300080D5B4 /* yoTests.xctest */;
			productType = "com.apple.product-type.bundle.unit-test";
		};
/* End PBXNativeTarget section */

/* Begin PBXProject section */
		9A95F6161A9D18300080D5B4 /* Project object */ = {
			isa = PBXProject;
			attributes = {
				LastUpgradeCheck = 0610;
				ORGANIZATIONNAME = "Soap Zombie";
				TargetAttributes = {
					9A95F61D1A9D18300080D5B4 = {
						CreatedOnToolsVersion = 6.1.1;
					};
					9A95F62F1A9D18300080D5B4 = {
						CreatedOnToolsVersion = 6.1.1;
						TestTargetID = 9A95F61D1A9D18300080D5B4;
					};
				};
			};
			buildConfigurationList = 9A95F6191A9D18300080D5B4 /* Build configuration list for PBXProject "yo" */;
			compatibilityVersion = "Xcode 3.2";
			developmentRegion = English;
			hasScannedForEncodings = 0;
			knownRegions = (
				en,
				Base,
			);
			mainGroup = 9A95F6151A9D18300080D5B4;
			productRefGroup = 9A95F61F1A9D18300080D5B4 /* Products */;
			projectDirPath = "";
			projectRoot = "";
			targets = (
				9A95F61D1A9D18300080D5B4 /* yo */,
				9A95F62F1A9D18300080D5B4 /* yoTests */,
			);
		};
/* End PBXProject section */

/* Begin PBXResourcesBuildPhase section */
		9A95F61C1A9D18300080D5B4 /* Resources */ = {
			isa = PBXResourcesBuildPhase;
			buildActionMask = 2147483647;
			files = (
				9A95F6281A9D18300080D5B4 /* Images.xcassets in Resources */,
				9AAC16A71A9E205800A9E18E /* yo.psd in Resources */,
				9A95F62B1A9D18300080D5B4 /* Main.storyboard in Resources */,
			);
			runOnlyForDeploymentPostprocessing = 0;
		};
		9A95F62E1A9D18300080D5B4 /* Resources */ = {
			isa = PBXResourcesBuildPhase;
			buildActionMask = 2147483647;
			files = (
			);
			runOnlyForDeploymentPostprocessing = 0;
		};
/* End PBXResourcesBuildPhase section */

/* Begin PBXSourcesBuildPhase section */
		9A95F61A1A9D18300080D5B4 /* Sources */ = {
			isa = PBXSourcesBuildPhase;
			buildActionMask = 2147483647;
			files = (
				9A66BB651A9E5EEF00CFCF90 /* README.md in Sources */,
				9A95F6261A9D18300080D5B4 /* ViewController.swift in Sources */,
				9A95F6241A9D18300080D5B4 /* AppDelegate.swift in Sources */,
			);
			runOnlyForDeploymentPostprocessing = 0;
		};
		9A95F62C1A9D18300080D5B4 /* Sources */ = {
			isa = PBXSourcesBuildPhase;
			buildActionMask = 2147483647;
			files = (
				9A95F6371A9D18300080D5B4 /* yoTests.swift in Sources */,
			);
			runOnlyForDeploymentPostprocessing = 0;
		};
/* End PBXSourcesBuildPhase section */

/* Begin PBXTargetDependency section */
		9A95F6321A9D18300080D5B4 /* PBXTargetDependency */ = {
			isa = PBXTargetDependency;
			target = 9A95F61D1A9D18300080D5B4 /* yo */;
			targetProxy = 9A95F6311A9D18300080D5B4 /* PBXContainerItemProxy */;
		};
/* End PBXTargetDependency section */

/* Begin PBXVariantGroup section */
		9A95F6291A9D18300080D5B4 /* Main.storyboard */ = {
			isa = PBXVariantGroup;
			children = (
				9A95F62A1A9D18300080D5B4 /* Base */,
			);
			name = Main.storyboard;
			sourceTree = "<group>";
		};
/* End PBXVariantGroup section */

/* Begin XCBuildConfiguration section */
		9A95F6381A9D18300080D5B4 /* Debug */ = {
			isa = XCBuildConfiguration;
			buildSettings = {
				ALWAYS_SEARCH_USER_PATHS = NO;
				CLANG_CXX_LANGUAGE_STANDARD = "gnu++0x";
				CLANG_CXX_LIBRARY = "libc++";
				CLANG_ENABLE_MODULES = YES;
				CLANG_ENABLE_OBJC_ARC = YES;
				CLANG_WARN_BOOL_CONVERSION = YES;
				CLANG_WARN_CONSTANT_CONVERSION = YES;
				CLANG_WARN_DIRECT_OBJC_ISA_USAGE = YES_ERROR;
				CLANG_WARN_EMPTY_BODY = YES;
				CLANG_WARN_ENUM_CONVERSION = YES;
				CLANG_WARN_INT_CONVERSION = YES;
				CLANG_WARN_OBJC_ROOT_CLASS = YES_ERROR;
				CLANG_WARN_UNREACHABLE_CODE = YES;
				CLANG_WARN__DUPLICATE_METHOD_MATCH = YES;
				CODE_SIGN_IDENTITY = "-";
				COPY_PHASE_STRIP = NO;
				ENABLE_STRICT_OBJC_MSGSEND = YES;
				GCC_C_LANGUAGE_STANDARD = gnu99;
				GCC_DYNAMIC_NO_PIC = NO;
				GCC_OPTIMIZATION_LEVEL = 0;
				GCC_PREPROCESSOR_DEFINITIONS = (
					"DEBUG=1",
					"$(inherited)",
				);
				GCC_SYMBOLS_PRIVATE_EXTERN = NO;
				GCC_WARN_64_TO_32_BIT_CONVERSION = YES;
				GCC_WARN_ABOUT_RETURN_TYPE = YES_ERROR;
				GCC_WARN_UNDECLARED_SELECTOR = YES;
				GCC_WARN_UNINITIALIZED_AUTOS = YES_AGGRESSIVE;
				GCC_WARN_UNUSED_FUNCTION = YES;
				GCC_WARN_UNUSED_VARIABLE = YES;
				MACOSX_DEPLOYMENT_TARGET = 10.10;
				MTL_ENABLE_DEBUG_INFO = YES;
				ONLY_ACTIVE_ARCH = YES;
				SDKROOT = macosx;
				SWIFT_OPTIMIZATION_LEVEL = "-Onone";
			};
			name = Debug;
		};
		9A95F6391A9D18300080D5B4 /* Release */ = {
			isa = XCBuildConfiguration;
			buildSettings = {
				ALWAYS_SEARCH_USER_PATHS = NO;
				CLANG_CXX_LANGUAGE_STANDARD = "gnu++0x";
				CLANG_CXX_LIBRARY = "libc++";
				CLANG_ENABLE_MODULES = YES;
				CLANG_ENABLE_OBJC_ARC = YES;
				CLANG_WARN_BOOL_CONVERSION = YES;
				CLANG_WARN_CONSTANT_CONVERSION = YES;
				CLANG_WARN_DIRECT_OBJC_ISA_USAGE = YES_ERROR;
				CLANG_WARN_EMPTY_BODY = YES;
				CLANG_WARN_ENUM_CONVERSION = YES;
				CLANG_WARN_INT_CONVERSION = YES;
				CLANG_WARN_OBJC_ROOT_CLASS = YES_ERROR;
				CLANG_WARN_UNREACHABLE_CODE = YES;
				CLANG_WARN__DUPLICATE_METHOD_MATCH = YES;
				CODE_SIGN_IDENTITY = "-";
				COPY_PHASE_STRIP = YES;
				DEBUG_INFORMATION_FORMAT = "dwarf-with-dsym";
				ENABLE_NS_ASSERTIONS = NO;
				ENABLE_STRICT_OBJC_MSGSEND = YES;
				GCC_C_LANGUAGE_STANDARD = gnu99;
				GCC_WARN_64_TO_32_BIT_CONVERSION = YES;
				GCC_WARN_ABOUT_RETURN_TYPE = YES_ERROR;
				GCC_WARN_UNDECLARED_SELECTOR = YES;
				GCC_WARN_UNINITIALIZED_AUTOS = YES_AGGRESSIVE;
				GCC_WARN_UNUSED_FUNCTION = YES;
				GCC_WARN_UNUSED_VARIABLE = YES;
				MACOSX_DEPLOYMENT_TARGET = 10.10;
				MTL_ENABLE_DEBUG_INFO = NO;
				SDKROOT = macosx;
			};
			name = Release;
		};
		9A95F63B1A9D18300080D5B4 /* Debug */ = {
			isa = XCBuildConfiguration;
			buildSettings = {
				ASSETCATALOG_COMPILER_APPICON_NAME = AppIcon;
				COMBINE_HIDPI_IMAGES = YES;
				FRAMEWORK_SEARCH_PATHS = (
					"$(inherited)",
					"$(PROJECT_DIR)",
				);
				INFOPLIST_FILE = yo/Info.plist;
				LD_RUNPATH_SEARCH_PATHS = "$(inherited) @executable_path/../Frameworks";
				PRODUCT_NAME = "$(TARGET_NAME)";
			};
			name = Debug;
		};
		9A95F63C1A9D18300080D5B4 /* Release */ = {
			isa = XCBuildConfiguration;
			buildSettings = {
				ASSETCATALOG_COMPILER_APPICON_NAME = AppIcon;
				COMBINE_HIDPI_IMAGES = YES;
				FRAMEWORK_SEARCH_PATHS = (
					"$(inherited)",
					"$(PROJECT_DIR)",
				);
				INFOPLIST_FILE = yo/Info.plist;
				LD_RUNPATH_SEARCH_PATHS = "$(inherited) @executable_path/../Frameworks";
				PRODUCT_NAME = "$(TARGET_NAME)";
			};
			name = Release;
		};
		9A95F63E1A9D18300080D5B4 /* Debug */ = {
			isa = XCBuildConfiguration;
			buildSettings = {
				BUNDLE_LOADER = "$(TEST_HOST)";
				COMBINE_HIDPI_IMAGES = YES;
				FRAMEWORK_SEARCH_PATHS = (
					"$(DEVELOPER_FRAMEWORKS_DIR)",
					"$(inherited)",
				);
				GCC_PREPROCESSOR_DEFINITIONS = (
					"DEBUG=1",
					"$(inherited)",
				);
				INFOPLIST_FILE = yoTests/Info.plist;
				LD_RUNPATH_SEARCH_PATHS = "$(inherited) @executable_path/../Frameworks @loader_path/../Frameworks";
				PRODUCT_NAME = "$(TARGET_NAME)";
				TEST_HOST = "$(BUILT_PRODUCTS_DIR)/yo.app/Contents/MacOS/yo";
			};
			name = Debug;
		};
		9A95F63F1A9D18300080D5B4 /* Release */ = {
			isa = XCBuildConfiguration;
			buildSettings = {
				BUNDLE_LOADER = "$(TEST_HOST)";
				COMBINE_HIDPI_IMAGES = YES;
				FRAMEWORK_SEARCH_PATHS = (
					"$(DEVELOPER_FRAMEWORKS_DIR)",
					"$(inherited)",
				);
				INFOPLIST_FILE = yoTests/Info.plist;
				LD_RUNPATH_SEARCH_PATHS = "$(inherited) @executable_path/../Frameworks @loader_path/../Frameworks";
				PRODUCT_NAME = "$(TARGET_NAME)";
				TEST_HOST = "$(BUILT_PRODUCTS_DIR)/yo.app/Contents/MacOS/yo";
			};
			name = Release;
		};
/* End XCBuildConfiguration section */

/* Begin XCConfigurationList section */
		9A95F6191A9D18300080D5B4 /* Build configuration list for PBXProject "yo" */ = {
			isa = XCConfigurationList;
			buildConfigurations = (
				9A95F6381A9D18300080D5B4 /* Debug */,
				9A95F6391A9D18300080D5B4 /* Release */,
			);
			defaultConfigurationIsVisible = 0;
			defaultConfigurationName = Release;
		};
		9A95F63A1A9D18300080D5B4 /* Build configuration list for PBXNativeTarget "yo" */ = {
			isa = XCConfigurationList;
			buildConfigurations = (
				9A95F63B1A9D18300080D5B4 /* Debug */,
				9A95F63C1A9D18300080D5B4 /* Release */,
			);
			defaultConfigurationIsVisible = 0;
			defaultConfigurationName = Release;
		};
		9A95F63D1A9D18300080D5B4 /* Build configuration list for PBXNativeTarget "yoTests" */ = {
			isa = XCConfigurationList;
			buildConfigurations = (
				9A95F63E1A9D18300080D5B4 /* Debug */,
				9A95F63F1A9D18300080D5B4 /* Release */,
			);
			defaultConfigurationIsVisible = 0;
			defaultConfigurationName = Release;
		};
/* End XCConfigurationList section */
	};
	rootObject = 9A95F6161A9D18300080D5B4 /* Project object */;
}
